// !$*UTF8*$!
{
	archiveVersion = 1;
	classes = {
	};
	objectVersion = 48;
	objects = {

/* Begin PBXBuildFile section */
		CAB2FA591F81DE9700CEBB86 /* Instructions.storyboard in Resources */ = {isa = PBXBuildFile; fileRef = CAB2FA581F81DE9700CEBB86 /* Instructions.storyboard */; };
		CAB2FA5B1F81DEE400CEBB86 /* InstructionsViewController.swift in Sources */ = {isa = PBXBuildFile; fileRef = CAB2FA5A1F81DEE400CEBB86 /* InstructionsViewController.swift */; };
		CAB2FA5D1F81E33300CEBB86 /* BorderButton.swift in Sources */ = {isa = PBXBuildFile; fileRef = CAB2FA5C1F81E33200CEBB86 /* BorderButton.swift */; };
		CAB2FA5F1F81E93600CEBB86 /* Literals.swift in Sources */ = {isa = PBXBuildFile; fileRef = CAB2FA5E1F81E93600CEBB86 /* Literals.swift */; };
		E2141C221F7ECF79007C9854 /* AppDelegate.swift in Sources */ = {isa = PBXBuildFile; fileRef = E2141C211F7ECF79007C9854 /* AppDelegate.swift */; };
		E2141C241F7ECF79007C9854 /* ViewController.swift in Sources */ = {isa = PBXBuildFile; fileRef = E2141C231F7ECF79007C9854 /* ViewController.swift */; };
		E2141C271F7ECF79007C9854 /* Main.storyboard in Resources */ = {isa = PBXBuildFile; fileRef = E2141C251F7ECF79007C9854 /* Main.storyboard */; };
		E2141C291F7ECF79007C9854 /* Assets.xcassets in Resources */ = {isa = PBXBuildFile; fileRef = E2141C281F7ECF79007C9854 /* Assets.xcassets */; };
		E2141C2C1F7ECF79007C9854 /* LaunchScreen.storyboard in Resources */ = {isa = PBXBuildFile; fileRef = E2141C2A1F7ECF79007C9854 /* LaunchScreen.storyboard */; };
		E2141C381F7ED001007C9854 /* PlayingCards.swift in Sources */ = {isa = PBXBuildFile; fileRef = E2141C371F7ED001007C9854 /* PlayingCards.swift */; };
		E2141C3A1F7EDD27007C9854 /* BlackjackBrain.swift in Sources */ = {isa = PBXBuildFile; fileRef = E2141C391F7EDD27007C9854 /* BlackjackBrain.swift */; };
		E27746861F819A11004D677D /* GameTableViewController.swift in Sources */ = {isa = PBXBuildFile; fileRef = E27746851F819A11004D677D /* GameTableViewController.swift */; };
		E2D626531F881795008A9D53 /* UIImageViewExtension.swift in Sources */ = {isa = PBXBuildFile; fileRef = E2D626521F881795008A9D53 /* UIImageViewExtension.swift */; };
/* End PBXBuildFile section */

/* Begin PBXFileReference section */
		CAB2FA581F81DE9700CEBB86 /* Instructions.storyboard */ = {isa = PBXFileReference; lastKnownFileType = file.storyboard; path = Instructions.storyboard; sourceTree = "<group>"; };
		CAB2FA5A1F81DEE400CEBB86 /* InstructionsViewController.swift */ = {isa = PBXFileReference; lastKnownFileType = sourcecode.swift; path = InstructionsViewController.swift; sourceTree = "<group>"; };
		CAB2FA5C1F81E33200CEBB86 /* BorderButton.swift */ = {isa = PBXFileReference; lastKnownFileType = sourcecode.swift; path = BorderButton.swift; sourceTree = "<group>"; };
		CAB2FA5E1F81E93600CEBB86 /* Literals.swift */ = {isa = PBXFileReference; lastKnownFileType = sourcecode.swift; path = Literals.swift; sourceTree = "<group>"; };
		E2141C1E1F7ECF79007C9854 /* Blackjack.app */ = {isa = PBXFileReference; explicitFileType = wrapper.application; includeInIndex = 0; path = Blackjack.app; sourceTree = BUILT_PRODUCTS_DIR; };
		E2141C211F7ECF79007C9854 /* AppDelegate.swift */ = {isa = PBXFileReference; lastKnownFileType = sourcecode.swift; path = AppDelegate.swift; sourceTree = "<group>"; };
		E2141C231F7ECF79007C9854 /* ViewController.swift */ = {isa = PBXFileReference; lastKnownFileType = sourcecode.swift; path = ViewController.swift; sourceTree = "<group>"; };
		E2141C261F7ECF79007C9854 /* Base */ = {isa = PBXFileReference; lastKnownFileType = file.storyboard; name = Base; path = Base.lproj/Main.storyboard; sourceTree = "<group>"; };
		E2141C281F7ECF79007C9854 /* Assets.xcassets */ = {isa = PBXFileReference; lastKnownFileType = folder.assetcatalog; path = Assets.xcassets; sourceTree = "<group>"; };
		E2141C2B1F7ECF79007C9854 /* Base */ = {isa = PBXFileReference; lastKnownFileType = file.storyboard; name = Base; path = Base.lproj/LaunchScreen.storyboard; sourceTree = "<group>"; };
		E2141C2D1F7ECF79007C9854 /* Info.plist */ = {isa = PBXFileReference; lastKnownFileType = text.plist.xml; path = Info.plist; sourceTree = "<group>"; };
		E2141C371F7ED001007C9854 /* PlayingCards.swift */ = {isa = PBXFileReference; lastKnownFileType = sourcecode.swift; path = PlayingCards.swift; sourceTree = "<group>"; };
		E2141C391F7EDD27007C9854 /* BlackjackBrain.swift */ = {isa = PBXFileReference; lastKnownFileType = sourcecode.swift; path = BlackjackBrain.swift; sourceTree = "<group>"; };
		E27746851F819A11004D677D /* GameTableViewController.swift */ = {isa = PBXFileReference; lastKnownFileType = sourcecode.swift; path = GameTableViewController.swift; sourceTree = "<group>"; };
		E2D626521F881795008A9D53 /* UIImageViewExtension.swift */ = {isa = PBXFileReference; lastKnownFileType = sourcecode.swift; path = UIImageViewExtension.swift; sourceTree = "<group>"; };
/* End PBXFileReference section */

/* Begin PBXFrameworksBuildPhase section */
		E2141C1B1F7ECF79007C9854 /* Frameworks */ = {
			isa = PBXFrameworksBuildPhase;
			buildActionMask = 2147483647;
			files = (
			);
			runOnlyForDeploymentPostprocessing = 0;
		};
/* End PBXFrameworksBuildPhase section */

/* Begin PBXGroup section */
		CA2FC8651F81B5DE0065EB89 /* View */ = {
			isa = PBXGroup;
			children = (
				CAB2FA5C1F81E33200CEBB86 /* BorderButton.swift */,
				E2D626521F881795008A9D53 /* UIImageViewExtension.swift */,
				CAB2FA581F81DE9700CEBB86 /* Instructions.storyboard */,
			);
			path = View;
			sourceTree = "<group>";
		};
		CA2FC8661F81B60C0065EB89 /* Services */ = {
			isa = PBXGroup;
			children = (
			);
			path = Services;
			sourceTree = "<group>";
		};
		E2141C151F7ECF79007C9854 = {
			isa = PBXGroup;
			children = (
				E2141C201F7ECF79007C9854 /* Blackjack */,
				E2141C1F1F7ECF79007C9854 /* Products */,
			);
			sourceTree = "<group>";
		};
		E2141C1F1F7ECF79007C9854 /* Products */ = {
			isa = PBXGroup;
			children = (
				E2141C1E1F7ECF79007C9854 /* Blackjack.app */,
			);
			name = Products;
			sourceTree = "<group>";
		};
		E2141C201F7ECF79007C9854 /* Blackjack */ = {
			isa = PBXGroup;
			children = (
				E2141C211F7ECF79007C9854 /* AppDelegate.swift */,
				CA2FC8661F81B60C0065EB89 /* Services */,
				E2141C351F7ECFA2007C9854 /* Model */,
				CA2FC8651F81B5DE0065EB89 /* View */,
				E2141C331F7ECF9B007C9854 /* Controller */,
				E2141C251F7ECF79007C9854 /* Main.storyboard */,
				E2141C281F7ECF79007C9854 /* Assets.xcassets */,
				E2141C2A1F7ECF79007C9854 /* LaunchScreen.storyboard */,
				E2141C2D1F7ECF79007C9854 /* Info.plist */,
			);
			path = Blackjack;
			sourceTree = "<group>";
		};
		E2141C331F7ECF9B007C9854 /* Controller */ = {
			isa = PBXGroup;
			children = (
				CAB2FA5A1F81DEE400CEBB86 /* InstructionsViewController.swift */,
				E2141C231F7ECF79007C9854 /* ViewController.swift */,
				E27746851F819A11004D677D /* GameTableViewController.swift */,
			);
			path = Controller;
			sourceTree = "<group>";
		};
		E2141C351F7ECFA2007C9854 /* Model */ = {
			isa = PBXGroup;
			children = (
				E2141C371F7ED001007C9854 /* PlayingCards.swift */,
				E2141C391F7EDD27007C9854 /* BlackjackBrain.swift */,
				CAB2FA5E1F81E93600CEBB86 /* Literals.swift */,
			);
			path = Model;
			sourceTree = "<group>";
		};
/* End PBXGroup section */

/* Begin PBXNativeTarget section */
		E2141C1D1F7ECF79007C9854 /* Blackjack */ = {
			isa = PBXNativeTarget;
			buildConfigurationList = E2141C301F7ECF79007C9854 /* Build configuration list for PBXNativeTarget "Blackjack" */;
			buildPhases = (
				E2141C1A1F7ECF79007C9854 /* Sources */,
				E2141C1B1F7ECF79007C9854 /* Frameworks */,
				E2141C1C1F7ECF79007C9854 /* Resources */,
			);
			buildRules = (
			);
			dependencies = (
			);
			name = Blackjack;
			productName = Blackjack;
			productReference = E2141C1E1F7ECF79007C9854 /* Blackjack.app */;
			productType = "com.apple.product-type.application";
		};
/* End PBXNativeTarget section */

/* Begin PBXProject section */
		E2141C161F7ECF79007C9854 /* Project object */ = {
			isa = PBXProject;
			attributes = {
				LastSwiftUpdateCheck = 0900;
				LastUpgradeCheck = 0900;
				ORGANIZATIONNAME = Krevalent;
				TargetAttributes = {
					E2141C1D1F7ECF79007C9854 = {
						CreatedOnToolsVersion = 9.0;
						ProvisioningStyle = Automatic;
					};
				};
			};
			buildConfigurationList = E2141C191F7ECF79007C9854 /* Build configuration list for PBXProject "Blackjack" */;
			compatibilityVersion = "Xcode 8.0";
			developmentRegion = en;
			hasScannedForEncodings = 0;
			knownRegions = (
				en,
				Base,
			);
			mainGroup = E2141C151F7ECF79007C9854;
			productRefGroup = E2141C1F1F7ECF79007C9854 /* Products */;
			projectDirPath = "";
			projectRoot = "";
			targets = (
				E2141C1D1F7ECF79007C9854 /* Blackjack */,
			);
		};
/* End PBXProject section */

/* Begin PBXResourcesBuildPhase section */
		E2141C1C1F7ECF79007C9854 /* Resources */ = {
			isa = PBXResourcesBuildPhase;
			buildActionMask = 2147483647;
			files = (
				CAB2FA591F81DE9700CEBB86 /* Instructions.storyboard in Resources */,
				E2141C2C1F7ECF79007C9854 /* LaunchScreen.storyboard in Resources */,
				E2141C291F7ECF79007C9854 /* Assets.xcassets in Resources */,
				E2141C271F7ECF79007C9854 /* Main.storyboard in Resources */,
			);
			runOnlyForDeploymentPostprocessing = 0;
		};
/* End PBXResourcesBuildPhase section */

/* Begin PBXSourcesBuildPhase section */
		E2141C1A1F7ECF79007C9854 /* Sources */ = {
			isa = PBXSourcesBuildPhase;
			buildActionMask = 2147483647;
			files = (
				CAB2FA5B1F81DEE400CEBB86 /* InstructionsViewController.swift in Sources */,
				CAB2FA5F1F81E93600CEBB86 /* Literals.swift in Sources */,
				E27746861F819A11004D677D /* GameTableViewController.swift in Sources */,
				E2141C241F7ECF79007C9854 /* ViewController.swift in Sources */,
				E2141C3A1F7EDD27007C9854 /* BlackjackBrain.swift in Sources */,
				E2D626531F881795008A9D53 /* UIImageViewExtension.swift in Sources */,
				E2141C381F7ED001007C9854 /* PlayingCards.swift in Sources */,
				E2141C221F7ECF79007C9854 /* AppDelegate.swift in Sources */,
				CAB2FA5D1F81E33300CEBB86 /* BorderButton.swift in Sources */,
			);
			runOnlyForDeploymentPostprocessing = 0;
		};
/* End PBXSourcesBuildPhase section */

/* Begin PBXVariantGroup section */
		E2141C251F7ECF79007C9854 /* Main.storyboard */ = {
			isa = PBXVariantGroup;
			children = (
				E2141C261F7ECF79007C9854 /* Base */,
			);
			name = Main.storyboard;
			sourceTree = "<group>";
		};
		E2141C2A1F7ECF79007C9854 /* LaunchScreen.storyboard */ = {
			isa = PBXVariantGroup;
			children = (
				E2141C2B1F7ECF79007C9854 /* Base */,
			);
			name = LaunchScreen.storyboard;
			sourceTree = "<group>";
		};
/* End PBXVariantGroup section */

/* Begin XCBuildConfiguration section */
		E2141C2E1F7ECF79007C9854 /* Debug */ = {
			isa = XCBuildConfiguration;
			buildSettings = {
				ALWAYS_SEARCH_USER_PATHS = NO;
				CLANG_ANALYZER_NONNULL = YES;
				CLANG_ANALYZER_NUMBER_OBJECT_CONVERSION = YES_AGGRESSIVE;
				CLANG_CXX_LANGUAGE_STANDARD = "gnu++14";
				CLANG_CXX_LIBRARY = "libc++";
				CLANG_ENABLE_MODULES = YES;
				CLANG_ENABLE_OBJC_ARC = YES;
				CLANG_WARN_BLOCK_CAPTURE_AUTORELEASING = YES;
				CLANG_WARN_BOOL_CONVERSION = YES;
				CLANG_WARN_COMMA = YES;
				CLANG_WARN_CONSTANT_CONVERSION = YES;
				CLANG_WARN_DIRECT_OBJC_ISA_USAGE = YES_ERROR;
				CLANG_WARN_DOCUMENTATION_COMMENTS = YES;
				CLANG_WARN_EMPTY_BODY = YES;
				CLANG_WARN_ENUM_CONVERSION = YES;
				CLANG_WARN_INFINITE_RECURSION = YES;
				CLANG_WARN_INT_CONVERSION = YES;
				CLANG_WARN_NON_LITERAL_NULL_CONVERSION = YES;
				CLANG_WARN_OBJC_LITERAL_CONVERSION = YES;
				CLANG_WARN_OBJC_ROOT_CLASS = YES_ERROR;
				CLANG_WARN_RANGE_LOOP_ANALYSIS = YES;
				CLANG_WARN_STRICT_PROTOTYPES = YES;
				CLANG_WARN_SUSPICIOUS_MOVE = YES;
				CLANG_WARN_UNGUARDED_AVAILABILITY = YES_AGGRESSIVE;
				CLANG_WARN_UNREACHABLE_CODE = YES;
				CLANG_WARN__DUPLICATE_METHOD_MATCH = YES;
				CODE_SIGN_IDENTITY = "iPhone Developer";
				COPY_PHASE_STRIP = NO;
				DEBUG_INFORMATION_FORMAT = dwarf;
				ENABLE_STRICT_OBJC_MSGSEND = YES;
				ENABLE_TESTABILITY = YES;
				GCC_C_LANGUAGE_STANDARD = gnu11;
				GCC_DYNAMIC_NO_PIC = NO;
				GCC_NO_COMMON_BLOCKS = YES;
				GCC_OPTIMIZATION_LEVEL = 0;
				GCC_PREPROCESSOR_DEFINITIONS = (
					"DEBUG=1",
					"$(inherited)",
				);
				GCC_WARN_64_TO_32_BIT_CONVERSION = YES;
				GCC_WARN_ABOUT_RETURN_TYPE = YES_ERROR;
				GCC_WARN_UNDECLARED_SELECTOR = YES;
				GCC_WARN_UNINITIALIZED_AUTOS = YES_AGGRESSIVE;
				GCC_WARN_UNUSED_FUNCTION = YES;
				GCC_WARN_UNUSED_VARIABLE = YES;
				IPHONEOS_DEPLOYMENT_TARGET = 11.0;
				MTL_ENABLE_DEBUG_INFO = YES;
				ONLY_ACTIVE_ARCH = YES;
				SDKROOT = iphoneos;
				SWIFT_ACTIVE_COMPILATION_CONDITIONS = DEBUG;
				SWIFT_OPTIMIZATION_LEVEL = "-Onone";
			};
			name = Debug;
		};
		E2141C2F1F7ECF79007C9854 /* Release */ = {
			isa = XCBuildConfiguration;
			buildSettings = {
				ALWAYS_SEARCH_USER_PATHS = NO;
				CLANG_ANALYZER_NONNULL = YES;
				CLANG_ANALYZER_NUMBER_OBJECT_CONVERSION = YES_AGGRESSIVE;
				CLANG_CXX_LANGUAGE_STANDARD = "gnu++14";
				CLANG_CXX_LIBRARY = "libc++";
				CLANG_ENABLE_MODULES = YES;
				CLANG_ENABLE_OBJC_ARC = YES;
				CLANG_WARN_BLOCK_CAPTURE_AUTORELEASING = YES;
				CLANG_WARN_BOOL_CONVERSION = YES;
				CLANG_WARN_COMMA = YES;
				CLANG_WARN_CONSTANT_CONVERSION = YES;
				CLANG_WARN_DIRECT_OBJC_ISA_USAGE = YES_ERROR;
				CLANG_WARN_DOCUMENTATION_COMMENTS = YES;
				CLANG_WARN_EMPTY_BODY = YES;
				CLANG_WARN_ENUM_CONVERSION = YES;
				CLANG_WARN_INFINITE_RECURSION = YES;
				CLANG_WARN_INT_CONVERSION = YES;
				CLANG_WARN_NON_LITERAL_NULL_CONVERSION = YES;
				CLANG_WARN_OBJC_LITERAL_CONVERSION = YES;
				CLANG_WARN_OBJC_ROOT_CLASS = YES_ERROR;
				CLANG_WARN_RANGE_LOOP_ANALYSIS = YES;
				CLANG_WARN_STRICT_PROTOTYPES = YES;
				CLANG_WARN_SUSPICIOUS_MOVE = YES;
				CLANG_WARN_UNGUARDED_AVAILABILITY = YES_AGGRESSIVE;
				CLANG_WARN_UNREACHABLE_CODE = YES;
				CLANG_WARN__DUPLICATE_METHOD_MATCH = YES;
				CODE_SIGN_IDENTITY = "iPhone Developer";
				COPY_PHASE_STRIP = NO;
				DEBUG_INFORMATION_FORMAT = "dwarf-with-dsym";
				ENABLE_NS_ASSERTIONS = NO;
				ENABLE_STRICT_OBJC_MSGSEND = YES;
				GCC_C_LANGUAGE_STANDARD = gnu11;
				GCC_NO_COMMON_BLOCKS = YES;
				GCC_WARN_64_TO_32_BIT_CONVERSION = YES;
				GCC_WARN_ABOUT_RETURN_TYPE = YES_ERROR;
				GCC_WARN_UNDECLARED_SELECTOR = YES;
				GCC_WARN_UNINITIALIZED_AUTOS = YES_AGGRESSIVE;
				GCC_WARN_UNUSED_FUNCTION = YES;
				GCC_WARN_UNUSED_VARIABLE = YES;
				IPHONEOS_DEPLOYMENT_TARGET = 11.0;
				MTL_ENABLE_DEBUG_INFO = NO;
				SDKROOT = iphoneos;
				SWIFT_OPTIMIZATION_LEVEL = "-Owholemodule";
				VALIDATE_PRODUCT = YES;
			};
			name = Release;
		};
		E2141C311F7ECF79007C9854 /* Debug */ = {
			isa = XCBuildConfiguration;
			buildSettings = {
				ASSETCATALOG_COMPILER_APPICON_NAME = AppIcon;
				CODE_SIGN_STYLE = Automatic;
				DEVELOPMENT_TEAM = EW7E662B65;
				INFOPLIST_FILE = Blackjack/Info.plist;
				IPHONEOS_DEPLOYMENT_TARGET = 10.3;
				LD_RUNPATH_SEARCH_PATHS = "$(inherited) @executable_path/Frameworks";
				PRODUCT_BUNDLE_IDENTIFIER = com.krevalent.Blackjack;
				PRODUCT_NAME = "$(TARGET_NAME)";
				SWIFT_VERSION = 4.0;
				TARGETED_DEVICE_FAMILY = "1,2";
			};
			name = Debug;
		};
		E2141C321F7ECF79007C9854 /* Release */ = {
			isa = XCBuildConfiguration;
			buildSettings = {
				ASSETCATALOG_COMPILER_APPICON_NAME = AppIcon;
				CODE_SIGN_STYLE = Automatic;
				DEVELOPMENT_TEAM = EW7E662B65;
				INFOPLIST_FILE = Blackjack/Info.plist;
				IPHONEOS_DEPLOYMENT_TARGET = 10.3;
				LD_RUNPATH_SEARCH_PATHS = "$(inherited) @executable_path/Frameworks";
				PRODUCT_BUNDLE_IDENTIFIER = com.krevalent.Blackjack;
				PRODUCT_NAME = "$(TARGET_NAME)";
				SWIFT_VERSION = 4.0;
				TARGETED_DEVICE_FAMILY = "1,2";
			};
			name = Release;
		};
/* End XCBuildConfiguration section */

/* Begin XCConfigurationList section */
		E2141C191F7ECF79007C9854 /* Build configuration list for PBXProject "Blackjack" */ = {
			isa = XCConfigurationList;
			buildConfigurations = (
				E2141C2E1F7ECF79007C9854 /* Debug */,
				E2141C2F1F7ECF79007C9854 /* Release */,
			);
			defaultConfigurationIsVisible = 0;
			defaultConfigurationName = Release;
		};
		E2141C301F7ECF79007C9854 /* Build configuration list for PBXNativeTarget "Blackjack" */ = {
			isa = XCConfigurationList;
			buildConfigurations = (
				E2141C311F7ECF79007C9854 /* Debug */,
				E2141C321F7ECF79007C9854 /* Release */,
			);
			defaultConfigurationIsVisible = 0;
			defaultConfigurationName = Release;
		};
/* End XCConfigurationList section */
	};
	rootObject = E2141C161F7ECF79007C9854 /* Project object */;
}
